
Microsoft Visual Studio Solution File, Format Version 12.00
Project("{FAE04EC0-301F-11D3-BF4B-00C04F79EFBC}") = "GoldenCudgel", "GoldenCudgel.csproj", "{9EDE1305-552D-4A9A-A8D8-C49B150E4538}"
EndProject
Global
	GlobalSection(SolutionConfigurationPlatforms) = preSolution
		Debug|Any CPU = Debug|Any CPU
		Release|Any CPU = Release|Any CPU
	EndGlobalSection
	GlobalSection(ProjectConfigurationPlatforms) = postSolution
		{9EDE1305-552D-4A9A-A8D8-C49B150E4538}.Debug|Any CPU.ActiveCfg = Debug|Any CPU
		{9EDE1305-552D-4A9A-A8D8-C49B150E4538}.Debug|Any CPU.Build.0 = Debug|Any CPU
		{9EDE1305-552D-4A9A-A8D8-C49B150E4538}.Release|Any CPU.ActiveCfg = Release|Any CPU
		{9EDE1305-552D-4A9A-A8D8-C49B150E4538}.Release|Any CPU.Build.0 = Release|Any CPU
	EndGlobalSection
EndGlobal
